
Microsoft Visual Studio Solution File, Format Version 12.00
# Visual Studio 15
VisualStudioVersion = 15.0.28010.2016
MinimumVisualStudioVersion = 10.0.40219.1
Project("{9A19103F-16F7-4668-BE54-9A1E7A4F7556}") = "Demo1", "Demo1\Demo1.csproj", "{75074F09-CAF9-4D70-8EF8-3FF6563EEECF}"
EndProject
Project("{FAE04EC0-301F-11D3-BF4B-00C04F79EFBC}") = "array", "array\array.csproj", "{96059EE4-537A-45FF-BFF4-D4851CC51396}"
EndProject
Global
	GlobalSection(SolutionConfigurationPlatforms) = preSolution
		Debug|Any CPU = Debug|Any CPU
		Release|Any CPU = Release|Any CPU
	EndGlobalSection
	GlobalSection(ProjectConfigurationPlatforms) = postSolution
		{75074F09-CAF9-4D70-8EF8-3FF6563EEECF}.Debug|Any CPU.ActiveCfg = Debug|Any CPU
		{75074F09-CAF9-4D70-8EF8-3FF6563EEECF}.Debug|Any CPU.Build.0 = Debug|Any CPU
		{75074F09-CAF9-4D70-8EF8-3FF6563EEECF}.Release|Any CPU.ActiveCfg = Release|Any CPU
		{75074F09-CAF9-4D70-8EF8-3FF6563EEECF}.Release|Any CPU.Build.0 = Release|Any CPU
		{96059EE4-537A-45FF-BFF4-D4851CC51396}.Debug|Any CPU.ActiveCfg = Debug|Any CPU
		{96059EE4-537A-45FF-BFF4-D4851CC51396}.Debug|Any CPU.Build.0 = Debug|Any CPU
		{96059EE4-537A-45FF-BFF4-D4851CC51396}.Release|Any CPU.ActiveCfg = Release|Any CPU
		{96059EE4-537A-45FF-BFF4-D4851CC51396}.Release|Any CPU.Build.0 = Release|Any CPU
	EndGlobalSection
	GlobalSection(SolutionProperties) = preSolution
		HideSolutionNode = FALSE
	EndGlobalSection
	GlobalSection(ExtensibilityGlobals) = postSolution
		SolutionGuid = {7C446579-9F4D-406B-96D2-54B09BA2DFA5}
	EndGlobalSection
EndGlobal
